
Microsoft Visual Studio Solution File, Format Version 12.00
# Visual Studio Version 17
VisualStudioVersion = 17.14.36127.28
MinimumVisualStudioVersion = 10.0.40219.1
Project("{2150E333-8FDC-42A3-9474-1A3956D46DE8}") = "Src", "Src", "{02EA681E-C7D8-13C7-8484-4AC65E1B71E8}"
EndProject
Project("{2150E333-8FDC-42A3-9474-1A3956D46DE8}") = "01-Domain", "01-Domain", "{E2CF2C45-B4DE-41D6-BF78-BAB3BE76331A}"
EndProject
Project("{2150E333-8FDC-42A3-9474-1A3956D46DE8}") = "Core", "Core", "{8BB74802-CC32-4625-9545-69114F3C20A5}"
EndProject
Project("{FAE04EC0-301F-11D3-BF4B-00C04F79EFBC}") = "Travel.Domain.Core", "Src\01-Domain\Core\Travel.Domain.Core\Travel.Domain.Core.csproj", "{535335A1-0117-4755-BE6D-FBAEE8BE4741}"
EndProject
Project("{2150E333-8FDC-42A3-9474-1A3956D46DE8}") = "02-InFraStructure", "02-InFraStructure", "{357D4BA9-7B41-404B-8DDF-BC476508A68C}"
EndProject
Project("{2150E333-8FDC-42A3-9474-1A3956D46DE8}") = "03-EndPoints", "03-EndPoints", "{39472841-8844-4E7A-8515-46A16750D426}"
EndProject
Project("{FAE04EC0-301F-11D3-BF4B-00C04F79EFBC}") = "Travel.InfraStructure.EfCore", "02-InfraStructure\Travel.InfraStructure.EfCore\Travel.InfraStructure.EfCore.csproj", "{F829743C-21FB-7E8B-27C1-EBEFE986FC9B}"
EndProject
Project("{FAE04EC0-301F-11D3-BF4B-00C04F79EFBC}") = "Travel.EndPoint.Api", "03-EndPoints\Travel.EndPoint.Api\Travel.EndPoint.Api.csproj", "{4557F1C6-D9E1-CD5F-5BB5-2F0D77EF110F}"
EndProject
Project("{FAE04EC0-301F-11D3-BF4B-00C04F79EFBC}") = "Travel.Domain.Service", "Src\01-Domain\Services\Travel.Domain.Services\Travel.Domain.Service.csproj", "{8CC5773B-E43C-4854-B8DE-96E29066A287}"
EndProject
Project("{FAE04EC0-301F-11D3-BF4B-00C04F79EFBC}") = "Travel.Domain.Services.AppService", "Src\01-Domain\Services\Travel.Domain.Services.AppService\Travel.Domain.Services.AppService.csproj", "{7F1BFD76-827E-40FD-9792-878249E73C31}"
EndProject
Project("{2150E333-8FDC-42A3-9474-1A3956D46DE8}") = "04-Application", "04-Application", "{DE4A0CE0-08DE-426D-B8C0-9EED4B211FEF}"
EndProject
Global
	GlobalSection(SolutionConfigurationPlatforms) = preSolution
		Debug|Any CPU = Debug|Any CPU
		Release|Any CPU = Release|Any CPU
	EndGlobalSection
	GlobalSection(ProjectConfigurationPlatforms) = postSolution
		{535335A1-0117-4755-BE6D-FBAEE8BE4741}.Debug|Any CPU.ActiveCfg = Debug|Any CPU
		{535335A1-0117-4755-BE6D-FBAEE8BE4741}.Debug|Any CPU.Build.0 = Debug|Any CPU
		{535335A1-0117-4755-BE6D-FBAEE8BE4741}.Release|Any CPU.ActiveCfg = Release|Any CPU
		{535335A1-0117-4755-BE6D-FBAEE8BE4741}.Release|Any CPU.Build.0 = Release|Any CPU
		{F829743C-21FB-7E8B-27C1-EBEFE986FC9B}.Debug|Any CPU.ActiveCfg = Debug|Any CPU
		{F829743C-21FB-7E8B-27C1-EBEFE986FC9B}.Debug|Any CPU.Build.0 = Debug|Any CPU
		{F829743C-21FB-7E8B-27C1-EBEFE986FC9B}.Release|Any CPU.ActiveCfg = Release|Any CPU
		{F829743C-21FB-7E8B-27C1-EBEFE986FC9B}.Release|Any CPU.Build.0 = Release|Any CPU
		{4557F1C6-D9E1-CD5F-5BB5-2F0D77EF110F}.Debug|Any CPU.ActiveCfg = Debug|Any CPU
		{4557F1C6-D9E1-CD5F-5BB5-2F0D77EF110F}.Debug|Any CPU.Build.0 = Debug|Any CPU
		{4557F1C6-D9E1-CD5F-5BB5-2F0D77EF110F}.Release|Any CPU.ActiveCfg = Release|Any CPU
		{4557F1C6-D9E1-CD5F-5BB5-2F0D77EF110F}.Release|Any CPU.Build.0 = Release|Any CPU
		{8CC5773B-E43C-4854-B8DE-96E29066A287}.Debug|Any CPU.ActiveCfg = Debug|Any CPU
		{8CC5773B-E43C-4854-B8DE-96E29066A287}.Debug|Any CPU.Build.0 = Debug|Any CPU
		{8CC5773B-E43C-4854-B8DE-96E29066A287}.Release|Any CPU.ActiveCfg = Release|Any CPU
		{8CC5773B-E43C-4854-B8DE-96E29066A287}.Release|Any CPU.Build.0 = Release|Any CPU
		{7F1BFD76-827E-40FD-9792-878249E73C31}.Debug|Any CPU.ActiveCfg = Debug|Any CPU
		{7F1BFD76-827E-40FD-9792-878249E73C31}.Debug|Any CPU.Build.0 = Debug|Any CPU
		{7F1BFD76-827E-40FD-9792-878249E73C31}.Release|Any CPU.ActiveCfg = Release|Any CPU
		{7F1BFD76-827E-40FD-9792-878249E73C31}.Release|Any CPU.Build.0 = Release|Any CPU
	EndGlobalSection
	GlobalSection(SolutionProperties) = preSolution
		HideSolutionNode = FALSE
	EndGlobalSection
	GlobalSection(NestedProjects) = preSolution
		{E2CF2C45-B4DE-41D6-BF78-BAB3BE76331A} = {02EA681E-C7D8-13C7-8484-4AC65E1B71E8}
		{8BB74802-CC32-4625-9545-69114F3C20A5} = {E2CF2C45-B4DE-41D6-BF78-BAB3BE76331A}
		{535335A1-0117-4755-BE6D-FBAEE8BE4741} = {8BB74802-CC32-4625-9545-69114F3C20A5}
		{357D4BA9-7B41-404B-8DDF-BC476508A68C} = {02EA681E-C7D8-13C7-8484-4AC65E1B71E8}
		{39472841-8844-4E7A-8515-46A16750D426} = {02EA681E-C7D8-13C7-8484-4AC65E1B71E8}
		{F829743C-21FB-7E8B-27C1-EBEFE986FC9B} = {357D4BA9-7B41-404B-8DDF-BC476508A68C}
		{4557F1C6-D9E1-CD5F-5BB5-2F0D77EF110F} = {39472841-8844-4E7A-8515-46A16750D426}
		{8CC5773B-E43C-4854-B8DE-96E29066A287} = {DE4A0CE0-08DE-426D-B8C0-9EED4B211FEF}
		{7F1BFD76-827E-40FD-9792-878249E73C31} = {DE4A0CE0-08DE-426D-B8C0-9EED4B211FEF}
		{DE4A0CE0-08DE-426D-B8C0-9EED4B211FEF} = {02EA681E-C7D8-13C7-8484-4AC65E1B71E8}
	EndGlobalSection
	GlobalSection(ExtensibilityGlobals) = postSolution
		SolutionGuid = {4FE8AA77-EBD6-4AC7-B4F2-CE655FA5686F}
	EndGlobalSection
EndGlobal
